
Microsoft Visual Studio Solution File, Format Version 12.00
# Visual Studio Express 2013 for Windows Desktop
VisualStudioVersion = 12.0.21005.1
MinimumVisualStudioVersion = 10.0.40219.1
Project("{FAE04EC0-301F-11D3-BF4B-00C04F79EFBC}") = "Problem1 Exchange if Greater", "Problem1 Exchange if Greater\Problem1 Exchange if Greater.csproj", "{4D008F7F-41A9-40B4-BFAE-B71D8869F8D6}"
EndProject
Project("{FAE04EC0-301F-11D3-BF4B-00C04F79EFBC}") = "Problem2 Bonus Score", "Problem2 Bonus Score\Problem2 Bonus Score.csproj", "{52BCC5E9-7762-4F99-8D10-1FD848871AC6}"
EndProject
Project("{FAE04EC0-301F-11D3-BF4B-00C04F79EFBC}") = "Problem3 Check for a play card", "Problem3 Check for a play card\Problem3 Check for a play card.csproj", "{4E5B4781-DF72-4F37-96CF-2798FD63BBDB}"
EndProject
Project("{FAE04EC0-301F-11D3-BF4B-00C04F79EFBC}") = "Problem4 Multiplication Sign", "Problem4 Multiplication Sign\Problem4 Multiplication Sign.csproj", "{3260F392-75A1-4B9F-9090-225560E8DCE8}"
EndProject
Project("{FAE04EC0-301F-11D3-BF4B-00C04F79EFBC}") = "Problem5 The Biggest of 3 Numbers", "Problem5 The Biggest of 3 Numbers\Problem5 The Biggest of 3 Numbers.csproj", "{923B7FC9-8998-46C2-A98C-FA35C3AE9E32}"
EndProject
Project("{FAE04EC0-301F-11D3-BF4B-00C04F79EFBC}") = "Problem6 Biggest of 5 Numbers", "Problem 6 Biggest of 5 Numbers\Problem6 Biggest of 5 Numbers.csproj", "{530105BD-F846-479B-82C1-A9CB53601D4B}"
EndProject
Project("{FAE04EC0-301F-11D3-BF4B-00C04F79EFBC}") = "Problem7 Sort 3 Numbers with Nested ifs", "Problem7 Sort 3 Numbers with Nested ifs\Problem7 Sort 3 Numbers with Nested ifs.csproj", "{5BAF2D1B-583F-430A-83DD-72273C6BA0B9}"
EndProject
Project("{FAE04EC0-301F-11D3-BF4B-00C04F79EFBC}") = "Problem8 Digit as a Word", "Problem8 Digit as a Word\Problem8 Digit as a Word.csproj", "{F8FF0644-AA06-4398-B2D2-C6E4A5F4C14A}"
EndProject
Project("{FAE04EC0-301F-11D3-BF4B-00C04F79EFBC}") = "Problem9 Play with Int  Double and string", "Problem9 Play with Int  Double and string\Problem9 Play with Int  Double and string.csproj", "{FF365A79-1749-45D5-B5D1-A724A82EC9E1}"
EndProject
Global
	GlobalSection(SolutionConfigurationPlatforms) = preSolution
		Debug|Any CPU = Debug|Any CPU
		Release|Any CPU = Release|Any CPU
	EndGlobalSection
	GlobalSection(ProjectConfigurationPlatforms) = postSolution
		{4D008F7F-41A9-40B4-BFAE-B71D8869F8D6}.Debug|Any CPU.ActiveCfg = Debug|Any CPU
		{4D008F7F-41A9-40B4-BFAE-B71D8869F8D6}.Debug|Any CPU.Build.0 = Debug|Any CPU
		{4D008F7F-41A9-40B4-BFAE-B71D8869F8D6}.Release|Any CPU.ActiveCfg = Release|Any CPU
		{4D008F7F-41A9-40B4-BFAE-B71D8869F8D6}.Release|Any CPU.Build.0 = Release|Any CPU
		{52BCC5E9-7762-4F99-8D10-1FD848871AC6}.Debug|Any CPU.ActiveCfg = Debug|Any CPU
		{52BCC5E9-7762-4F99-8D10-1FD848871AC6}.Debug|Any CPU.Build.0 = Debug|Any CPU
		{52BCC5E9-7762-4F99-8D10-1FD848871AC6}.Release|Any CPU.ActiveCfg = Release|Any CPU
		{52BCC5E9-7762-4F99-8D10-1FD848871AC6}.Release|Any CPU.Build.0 = Release|Any CPU
		{4E5B4781-DF72-4F37-96CF-2798FD63BBDB}.Debug|Any CPU.ActiveCfg = Debug|Any CPU
		{4E5B4781-DF72-4F37-96CF-2798FD63BBDB}.Debug|Any CPU.Build.0 = Debug|Any CPU
		{4E5B4781-DF72-4F37-96CF-2798FD63BBDB}.Release|Any CPU.ActiveCfg = Release|Any CPU
		{4E5B4781-DF72-4F37-96CF-2798FD63BBDB}.Release|Any CPU.Build.0 = Release|Any CPU
		{3260F392-75A1-4B9F-9090-225560E8DCE8}.Debug|Any CPU.ActiveCfg = Debug|Any CPU
		{3260F392-75A1-4B9F-9090-225560E8DCE8}.Debug|Any CPU.Build.0 = Debug|Any CPU
		{3260F392-75A1-4B9F-9090-225560E8DCE8}.Release|Any CPU.ActiveCfg = Release|Any CPU
		{3260F392-75A1-4B9F-9090-225560E8DCE8}.Release|Any CPU.Build.0 = Release|Any CPU
		{923B7FC9-8998-46C2-A98C-FA35C3AE9E32}.Debug|Any CPU.ActiveCfg = Debug|Any CPU
		{923B7FC9-8998-46C2-A98C-FA35C3AE9E32}.Debug|Any CPU.Build.0 = Debug|Any CPU
		{923B7FC9-8998-46C2-A98C-FA35C3AE9E32}.Release|Any CPU.ActiveCfg = Release|Any CPU
		{923B7FC9-8998-46C2-A98C-FA35C3AE9E32}.Release|Any CPU.Build.0 = Release|Any CPU
		{530105BD-F846-479B-82C1-A9CB53601D4B}.Debug|Any CPU.ActiveCfg = Debug|Any CPU
		{530105BD-F846-479B-82C1-A9CB53601D4B}.Debug|Any CPU.Build.0 = Debug|Any CPU
		{530105BD-F846-479B-82C1-A9CB53601D4B}.Release|Any CPU.ActiveCfg = Release|Any CPU
		{530105BD-F846-479B-82C1-A9CB53601D4B}.Release|Any CPU.Build.0 = Release|Any CPU
		{5BAF2D1B-583F-430A-83DD-72273C6BA0B9}.Debug|Any CPU.ActiveCfg = Debug|Any CPU
		{5BAF2D1B-583F-430A-83DD-72273C6BA0B9}.Debug|Any CPU.Build.0 = Debug|Any CPU
		{5BAF2D1B-583F-430A-83DD-72273C6BA0B9}.Release|Any CPU.ActiveCfg = Release|Any CPU
		{5BAF2D1B-583F-430A-83DD-72273C6BA0B9}.Release|Any CPU.Build.0 = Release|Any CPU
		{F8FF0644-AA06-4398-B2D2-C6E4A5F4C14A}.Debug|Any CPU.ActiveCfg = Debug|Any CPU
		{F8FF0644-AA06-4398-B2D2-C6E4A5F4C14A}.Debug|Any CPU.Build.0 = Debug|Any CPU
		{F8FF0644-AA06-4398-B2D2-C6E4A5F4C14A}.Release|Any CPU.ActiveCfg = Release|Any CPU
		{F8FF0644-AA06-4398-B2D2-C6E4A5F4C14A}.Release|Any CPU.Build.0 = Release|Any CPU
		{FF365A79-1749-45D5-B5D1-A724A82EC9E1}.Debug|Any CPU.ActiveCfg = Debug|Any CPU
		{FF365A79-1749-45D5-B5D1-A724A82EC9E1}.Debug|Any CPU.Build.0 = Debug|Any CPU
		{FF365A79-1749-45D5-B5D1-A724A82EC9E1}.Release|Any CPU.ActiveCfg = Release|Any CPU
		{FF365A79-1749-45D5-B5D1-A724A82EC9E1}.Release|Any CPU.Build.0 = Release|Any CPU
	EndGlobalSection
	GlobalSection(SolutionProperties) = preSolution
		HideSolutionNode = FALSE
	EndGlobalSection
EndGlobal
